// !$*UTF8*$!
{
	archiveVersion = 1;
	classes = {
	};
	objectVersion = 46;
	objects = {

/* Begin PBXBuildFile section */
		AA9D544B1A4E840C00395FAE /* main.cpp in Sources */ = {isa = PBXBuildFile; fileRef = AA9D544A1A4E840C00395FAE /* main.cpp */; };
		AA9D54531A4E845E00395FAE /* Field.cpp in Sources */ = {isa = PBXBuildFile; fileRef = AA9D54511A4E845E00395FAE /* Field.cpp */; };
		AA9D54561A4E84F400395FAE /* Square.cpp in Sources */ = {isa = PBXBuildFile; fileRef = AA9D54541A4E84F400395FAE /* Square.cpp */; };
		AA9D54591A4EA11900395FAE /* GameManager.cpp in Sources */ = {isa = PBXBuildFile; fileRef = AA9D54571A4EA11900395FAE /* GameManager.cpp */; };
/* End PBXBuildFile section */

/* Begin PBXCopyFilesBuildPhase section */
		AA9D54451A4E840C00395FAE /* CopyFiles */ = {
			isa = PBXCopyFilesBuildPhase;
			buildActionMask = 2147483647;
			dstPath = /usr/share/man/man1/;
			dstSubfolderSpec = 0;
			files = (
			);
			runOnlyForDeploymentPostprocessing = 1;
		};
/* End PBXCopyFilesBuildPhase section */

/* Begin PBXFileReference section */
		AA9D54471A4E840C00395FAE /* MineSweeper */ = {isa = PBXFileReference; explicitFileType = "compiled.mach-o.executable"; includeInIndex = 0; path = MineSweeper; sourceTree = BUILT_PRODUCTS_DIR; };
		AA9D544A1A4E840C00395FAE /* main.cpp */ = {isa = PBXFileReference; lastKnownFileType = sourcecode.cpp.cpp; path = main.cpp; sourceTree = "<group>"; };
		AA9D54511A4E845E00395FAE /* Field.cpp */ = {isa = PBXFileReference; fileEncoding = 4; lastKnownFileType = sourcecode.cpp.cpp; path = Field.cpp; sourceTree = "<group>"; };
		AA9D54521A4E845E00395FAE /* Field.h */ = {isa = PBXFileReference; fileEncoding = 4; lastKnownFileType = sourcecode.c.h; path = Field.h; sourceTree = "<group>"; };
		AA9D54541A4E84F400395FAE /* Square.cpp */ = {isa = PBXFileReference; fileEncoding = 4; lastKnownFileType = sourcecode.cpp.cpp; path = Square.cpp; sourceTree = "<group>"; };
		AA9D54551A4E84F400395FAE /* Square.h */ = {isa = PBXFileReference; fileEncoding = 4; lastKnownFileType = sourcecode.c.h; path = Square.h; sourceTree = "<group>"; };
		AA9D54571A4EA11900395FAE /* GameManager.cpp */ = {isa = PBXFileReference; fileEncoding = 4; lastKnownFileType = sourcecode.cpp.cpp; path = GameManager.cpp; sourceTree = "<group>"; };
		AA9D54581A4EA11900395FAE /* GameManager.h */ = {isa = PBXFileReference; fileEncoding = 4; lastKnownFileType = sourcecode.c.h; path = GameManager.h; sourceTree = "<group>"; };
/* End PBXFileReference section */

/* Begin PBXFrameworksBuildPhase section */
		AA9D54441A4E840C00395FAE /* Frameworks */ = {
			isa = PBXFrameworksBuildPhase;
			buildActionMask = 2147483647;
			files = (
			);
			runOnlyForDeploymentPostprocessing = 0;
		};
/* End PBXFrameworksBuildPhase section */

/* Begin PBXGroup section */
		AA9D543E1A4E840C00395FAE = {
			isa = PBXGroup;
			children = (
				AA9D54491A4E840C00395FAE /* MineSweeper */,
				AA9D54481A4E840C00395FAE /* Products */,
			);
			sourceTree = "<group>";
		};
		AA9D54481A4E840C00395FAE /* Products */ = {
			isa = PBXGroup;
			children = (
				AA9D54471A4E840C00395FAE /* MineSweeper */,
			);
			name = Products;
			sourceTree = "<group>";
		};
		AA9D54491A4E840C00395FAE /* MineSweeper */ = {
			isa = PBXGroup;
			children = (
				AA9D544A1A4E840C00395FAE /* main.cpp */,
				AA9D54511A4E845E00395FAE /* Field.cpp */,
				AA9D54521A4E845E00395FAE /* Field.h */,
				AA9D54541A4E84F400395FAE /* Square.cpp */,
				AA9D54551A4E84F400395FAE /* Square.h */,
				AA9D54571A4EA11900395FAE /* GameManager.cpp */,
				AA9D54581A4EA11900395FAE /* GameManager.h */,
			);
			path = MineSweeper;
			sourceTree = "<group>";
		};
/* End PBXGroup section */

/* Begin PBXNativeTarget section */
		AA9D54461A4E840C00395FAE /* MineSweeper */ = {
			isa = PBXNativeTarget;
			buildConfigurationList = AA9D544E1A4E840C00395FAE /* Build configuration list for PBXNativeTarget "MineSweeper" */;
			buildPhases = (
				AA9D54431A4E840C00395FAE /* Sources */,
				AA9D54441A4E840C00395FAE /* Frameworks */,
				AA9D54451A4E840C00395FAE /* CopyFiles */,
			);
			buildRules = (
			);
			dependencies = (
			);
			name = MineSweeper;
			productName = MineSweeper;
			productReference = AA9D54471A4E840C00395FAE /* MineSweeper */;
			productType = "com.apple.product-type.tool";
		};
/* End PBXNativeTarget section */

/* Begin PBXProject section */
		AA9D543F1A4E840C00395FAE /* Project object */ = {
			isa = PBXProject;
			attributes = {
				LastUpgradeCheck = 0600;
				ORGANIZATIONNAME = "二宮 章太";
				TargetAttributes = {
					AA9D54461A4E840C00395FAE = {
						CreatedOnToolsVersion = 6.0;
					};
				};
			};
			buildConfigurationList = AA9D54421A4E840C00395FAE /* Build configuration list for PBXProject "MineSweeper" */;
			compatibilityVersion = "Xcode 3.2";
			developmentRegion = English;
			hasScannedForEncodings = 0;
			knownRegions = (
				en,
			);
			mainGroup = AA9D543E1A4E840C00395FAE;
			productRefGroup = AA9D54481A4E840C00395FAE /* Products */;
			projectDirPath = "";
			projectRoot = "";
			targets = (
				AA9D54461A4E840C00395FAE /* MineSweeper */,
			);
		};
/* End PBXProject section */

/* Begin PBXSourcesBuildPhase section */
		AA9D54431A4E840C00395FAE /* Sources */ = {
			isa = PBXSourcesBuildPhase;
			buildActionMask = 2147483647;
			files = (
				AA9D54531A4E845E00395FAE /* Field.cpp in Sources */,
				AA9D54591A4EA11900395FAE /* GameManager.cpp in Sources */,
				AA9D54561A4E84F400395FAE /* Square.cpp in Sources */,
				AA9D544B1A4E840C00395FAE /* main.cpp in Sources */,
			);
			runOnlyForDeploymentPostprocessing = 0;
		};
/* End PBXSourcesBuildPhase section */

/* Begin XCBuildConfiguration section */
		AA9D544C1A4E840C00395FAE /* Debug */ = {
			isa = XCBuildConfiguration;
			buildSettings = {
				ALWAYS_SEARCH_USER_PATHS = NO;
				CLANG_CXX_LANGUAGE_STANDARD = "gnu++0x";
				CLANG_CXX_LIBRARY = "libc++";
				CLANG_ENABLE_MODULES = YES;
				CLANG_ENABLE_OBJC_ARC = YES;
				CLANG_WARN_BOOL_CONVERSION = YES;
				CLANG_WARN_CONSTANT_CONVERSION = YES;
				CLANG_WARN_DIRECT_OBJC_ISA_USAGE = YES_ERROR;
				CLANG_WARN_EMPTY_BODY = YES;
				CLANG_WARN_ENUM_CONVERSION = YES;
				CLANG_WARN_INT_CONVERSION = YES;
				CLANG_WARN_OBJC_ROOT_CLASS = YES_ERROR;
				CLANG_WARN_UNREACHABLE_CODE = YES;
				CLANG_WARN__DUPLICATE_METHOD_MATCH = YES;
				COPY_PHASE_STRIP = NO;
				ENABLE_STRICT_OBJC_MSGSEND = YES;
				GCC_C_LANGUAGE_STANDARD = gnu99;
				GCC_DYNAMIC_NO_PIC = NO;
				GCC_OPTIMIZATION_LEVEL = 0;
				GCC_PREPROCESSOR_DEFINITIONS = (
					"DEBUG=1",
					"$(inherited)",
				);
				GCC_SYMBOLS_PRIVATE_EXTERN = NO;
				GCC_WARN_64_TO_32_BIT_CONVERSION = YES;
				GCC_WARN_ABOUT_RETURN_TYPE = YES_ERROR;
				GCC_WARN_UNDECLARED_SELECTOR = YES;
				GCC_WARN_UNINITIALIZED_AUTOS = YES_AGGRESSIVE;
				GCC_WARN_UNUSED_FUNCTION = YES;
				GCC_WARN_UNUSED_VARIABLE = YES;
				MACOSX_DEPLOYMENT_TARGET = 10.9;
				MTL_ENABLE_DEBUG_INFO = YES;
				ONLY_ACTIVE_ARCH = YES;
				SDKROOT = macosx;
			};
			name = Debug;
		};
		AA9D544D1A4E840C00395FAE /* Release */ = {
			isa = XCBuildConfiguration;
			buildSettings = {
				ALWAYS_SEARCH_USER_PATHS = NO;
				CLANG_CXX_LANGUAGE_STANDARD = "gnu++0x";
				CLANG_CXX_LIBRARY = "libc++";
				CLANG_ENABLE_MODULES = YES;
				CLANG_ENABLE_OBJC_ARC = YES;
				CLANG_WARN_BOOL_CONVERSION = YES;
				CLANG_WARN_CONSTANT_CONVERSION = YES;
				CLANG_WARN_DIRECT_OBJC_ISA_USAGE = YES_ERROR;
				CLANG_WARN_EMPTY_BODY = YES;
				CLANG_WARN_ENUM_CONVERSION = YES;
				CLANG_WARN_INT_CONVERSION = YES;
				CLANG_WARN_OBJC_ROOT_CLASS = YES_ERROR;
				CLANG_WARN_UNREACHABLE_CODE = YES;
				CLANG_WARN__DUPLICATE_METHOD_MATCH = YES;
				COPY_PHASE_STRIP = YES;
				DEBUG_INFORMATION_FORMAT = "dwarf-with-dsym";
				ENABLE_NS_ASSERTIONS = NO;
				ENABLE_STRICT_OBJC_MSGSEND = YES;
				GCC_C_LANGUAGE_STANDARD = gnu99;
				GCC_WARN_64_TO_32_BIT_CONVERSION = YES;
				GCC_WARN_ABOUT_RETURN_TYPE = YES_ERROR;
				GCC_WARN_UNDECLARED_SELECTOR = YES;
				GCC_WARN_UNINITIALIZED_AUTOS = YES_AGGRESSIVE;
				GCC_WARN_UNUSED_FUNCTION = YES;
				GCC_WARN_UNUSED_VARIABLE = YES;
				MACOSX_DEPLOYMENT_TARGET = 10.9;
				MTL_ENABLE_DEBUG_INFO = NO;
				SDKROOT = macosx;
			};
			name = Release;
		};
		AA9D544F1A4E840C00395FAE /* Debug */ = {
			isa = XCBuildConfiguration;
			buildSettings = {
				PRODUCT_NAME = "$(TARGET_NAME)";
			};
			name = Debug;
		};
		AA9D54501A4E840C00395FAE /* Release */ = {
			isa = XCBuildConfiguration;
			buildSettings = {
				PRODUCT_NAME = "$(TARGET_NAME)";
			};
			name = Release;
		};
/* End XCBuildConfiguration section */

/* Begin XCConfigurationList section */
		AA9D54421A4E840C00395FAE /* Build configuration list for PBXProject "MineSweeper" */ = {
			isa = XCConfigurationList;
			buildConfigurations = (
				AA9D544C1A4E840C00395FAE /* Debug */,
				AA9D544D1A4E840C00395FAE /* Release */,
			);
			defaultConfigurationIsVisible = 0;
			defaultConfigurationName = Release;
		};
		AA9D544E1A4E840C00395FAE /* Build configuration list for PBXNativeTarget "MineSweeper" */ = {
			isa = XCConfigurationList;
			buildConfigurations = (
				AA9D544F1A4E840C00395FAE /* Debug */,
				AA9D54501A4E840C00395FAE /* Release */,
			);
			defaultConfigurationIsVisible = 0;
		};
/* End XCConfigurationList section */
	};
	rootObject = AA9D543F1A4E840C00395FAE /* Project object */;
}
